{
  "originHash" : "a57860cdd384a1ee7db2518e79b330883eeb5cb3471ec10431cea3eb66b63eb6",
  "pins" : [
    {
      "identity" : "appsflyerframework",
      "kind" : "remoteSourceControl",
      "location" : "https://github.com/AppsFlyerSDK/AppsFlyerFramework",
      "state" : {
        "revision" : "048633aeec183ddd41b5342c5e0ff57f102dd509",
        "version" : "6.15.3"
      }
    }
  ],
  "version" : 3
}
